
Microsoft Visual Studio Solution File, Format Version 12.00
Project("{FAE04EC0-301F-11D3-BF4B-00C04F79EFBC}") = "HookTest", "HookTest\HookTest.csproj", "{C1F3FAF0-FB86-40BA-BD49-92E2AEA0FFFB}"
EndProject
Global
	GlobalSection(SolutionConfigurationPlatforms) = preSolution
		Debug|Any CPU = Debug|Any CPU
		Release|Any CPU = Release|Any CPU
	EndGlobalSection
	GlobalSection(ProjectConfigurationPlatforms) = postSolution
		{C1F3FAF0-FB86-40BA-BD49-92E2AEA0FFFB}.Debug|Any CPU.ActiveCfg = Debug|Any CPU
		{C1F3FAF0-FB86-40BA-BD49-92E2AEA0FFFB}.Debug|Any CPU.Build.0 = Debug|Any CPU
		{C1F3FAF0-FB86-40BA-BD49-92E2AEA0FFFB}.Release|Any CPU.ActiveCfg = Release|Any CPU
		{C1F3FAF0-FB86-40BA-BD49-92E2AEA0FFFB}.Release|Any CPU.Build.0 = Release|Any CPU
	EndGlobalSection
EndGlobal
